
Microsoft Visual Studio Solution File, Format Version 12.00
# Visual Studio Version 16
VisualStudioVersion = 16.0.31424.327
MinimumVisualStudioVersion = 10.0.40219.1
Project("{8BC9CEB8-8B4A-11D0-8D11-00A0C91BC942}") = "driver", "driver\driver.vcxproj", "{CFB7E59A-AB36-4B24-B28E-D34537FC1DAA}"
EndProject
Project("{8BC9CEB8-8B4A-11D0-8D11-00A0C91BC942}") = "mcfilter", "mcfilter\mcfilter.vcxproj", "{4282416D-0415-4A0A-A0DC-033DE19F3CFE}"
	ProjectSection(ProjectDependencies) = postProject
		{CFB7E59A-AB36-4B24-B28E-D34537FC1DAA} = {CFB7E59A-AB36-4B24-B28E-D34537FC1DAA}
	EndProjectSection
EndProject
Global
	GlobalSection(SolutionConfigurationPlatforms) = preSolution
		Debug|ARM = Debug|ARM
		Debug|ARM64 = Debug|ARM64
		Debug|x64 = Debug|x64
		Debug|x86 = Debug|x86
		DebugA|ARM = DebugA|ARM
		DebugA|ARM64 = DebugA|ARM64
		DebugA|x64 = DebugA|x64
		DebugA|x86 = DebugA|x86
		Release|ARM = Release|ARM
		Release|ARM64 = Release|ARM64
		Release|x64 = Release|x64
		Release|x86 = Release|x86
		ReleaseA|ARM = ReleaseA|ARM
		ReleaseA|ARM64 = ReleaseA|ARM64
		ReleaseA|x64 = ReleaseA|x64
		ReleaseA|x86 = ReleaseA|x86
		SDebug|ARM = SDebug|ARM
		SDebug|ARM64 = SDebug|ARM64
		SDebug|x64 = SDebug|x64
		SDebug|x86 = SDebug|x86
		SDebugA|ARM = SDebugA|ARM
		SDebugA|ARM64 = SDebugA|ARM64
		SDebugA|x64 = SDebugA|x64
		SDebugA|x86 = SDebugA|x86
		SRelease|ARM = SRelease|ARM
		SRelease|ARM64 = SRelease|ARM64
		SRelease|x64 = SRelease|x64
		SRelease|x86 = SRelease|x86
		SReleaseA|ARM = SReleaseA|ARM
		SReleaseA|ARM64 = SReleaseA|ARM64
		SReleaseA|x64 = SReleaseA|x64
		SReleaseA|x86 = SReleaseA|x86
	EndGlobalSection
	GlobalSection(ProjectConfigurationPlatforms) = postSolution
		{CFB7E59A-AB36-4B24-B28E-D34537FC1DAA}.Debug|ARM.ActiveCfg = Debug|ARM
		{CFB7E59A-AB36-4B24-B28E-D34537FC1DAA}.Debug|ARM.Build.0 = Debug|ARM
		{CFB7E59A-AB36-4B24-B28E-D34537FC1DAA}.Debug|ARM.Deploy.0 = Debug|ARM
		{CFB7E59A-AB36-4B24-B28E-D34537FC1DAA}.Debug|ARM64.ActiveCfg = Debug|ARM64
		{CFB7E59A-AB36-4B24-B28E-D34537FC1DAA}.Debug|ARM64.Build.0 = Debug|ARM64
		{CFB7E59A-AB36-4B24-B28E-D34537FC1DAA}.Debug|ARM64.Deploy.0 = Debug|ARM64
		{CFB7E59A-AB36-4B24-B28E-D34537FC1DAA}.Debug|x64.ActiveCfg = Debug|x64
		{CFB7E59A-AB36-4B24-B28E-D34537FC1DAA}.Debug|x64.Build.0 = Debug|x64
		{CFB7E59A-AB36-4B24-B28E-D34537FC1DAA}.Debug|x64.Deploy.0 = Debug|x64
		{CFB7E59A-AB36-4B24-B28E-D34537FC1DAA}.Debug|x86.ActiveCfg = Debug|x64
		{CFB7E59A-AB36-4B24-B28E-D34537FC1DAA}.Debug|x86.Build.0 = Debug|x64
		{CFB7E59A-AB36-4B24-B28E-D34537FC1DAA}.Debug|x86.Deploy.0 = Debug|x64
		{CFB7E59A-AB36-4B24-B28E-D34537FC1DAA}.DebugA|ARM.ActiveCfg = Debug|ARM
		{CFB7E59A-AB36-4B24-B28E-D34537FC1DAA}.DebugA|ARM.Build.0 = Debug|ARM
		{CFB7E59A-AB36-4B24-B28E-D34537FC1DAA}.DebugA|ARM.Deploy.0 = Debug|ARM
		{CFB7E59A-AB36-4B24-B28E-D34537FC1DAA}.DebugA|ARM64.ActiveCfg = Debug|ARM64
		{CFB7E59A-AB36-4B24-B28E-D34537FC1DAA}.DebugA|ARM64.Build.0 = Debug|ARM64
		{CFB7E59A-AB36-4B24-B28E-D34537FC1DAA}.DebugA|ARM64.Deploy.0 = Debug|ARM64
		{CFB7E59A-AB36-4B24-B28E-D34537FC1DAA}.DebugA|x64.ActiveCfg = Debug|x64
		{CFB7E59A-AB36-4B24-B28E-D34537FC1DAA}.DebugA|x64.Build.0 = Debug|x64
		{CFB7E59A-AB36-4B24-B28E-D34537FC1DAA}.DebugA|x64.Deploy.0 = Debug|x64
		{CFB7E59A-AB36-4B24-B28E-D34537FC1DAA}.DebugA|x86.ActiveCfg = Debug|Win32
		{CFB7E59A-AB36-4B24-B28E-D34537FC1DAA}.DebugA|x86.Build.0 = Debug|Win32
		{CFB7E59A-AB36-4B24-B28E-D34537FC1DAA}.DebugA|x86.Deploy.0 = Debug|Win32
		{CFB7E59A-AB36-4B24-B28E-D34537FC1DAA}.Release|ARM.ActiveCfg = Release|ARM
		{CFB7E59A-AB36-4B24-B28E-D34537FC1DAA}.Release|ARM.Build.0 = Release|ARM
		{CFB7E59A-AB36-4B24-B28E-D34537FC1DAA}.Release|ARM.Deploy.0 = Release|ARM
		{CFB7E59A-AB36-4B24-B28E-D34537FC1DAA}.Release|ARM64.ActiveCfg = Release|ARM64
		{CFB7E59A-AB36-4B24-B28E-D34537FC1DAA}.Release|ARM64.Build.0 = Release|ARM64
		{CFB7E59A-AB36-4B24-B28E-D34537FC1DAA}.Release|ARM64.Deploy.0 = Release|ARM64
		{CFB7E59A-AB36-4B24-B28E-D34537FC1DAA}.Release|x64.ActiveCfg = Release|x64
		{CFB7E59A-AB36-4B24-B28E-D34537FC1DAA}.Release|x64.Build.0 = Release|x64
		{CFB7E59A-AB36-4B24-B28E-D34537FC1DAA}.Release|x64.Deploy.0 = Release|x64
		{CFB7E59A-AB36-4B24-B28E-D34537FC1DAA}.Release|x86.ActiveCfg = Debug|x64
		{CFB7E59A-AB36-4B24-B28E-D34537FC1DAA}.Release|x86.Build.0 = Debug|x64
		{CFB7E59A-AB36-4B24-B28E-D34537FC1DAA}.Release|x86.Deploy.0 = Debug|x64
		{CFB7E59A-AB36-4B24-B28E-D34537FC1DAA}.ReleaseA|ARM.ActiveCfg = Release|ARM
		{CFB7E59A-AB36-4B24-B28E-D34537FC1DAA}.ReleaseA|ARM.Build.0 = Release|ARM
		{CFB7E59A-AB36-4B24-B28E-D34537FC1DAA}.ReleaseA|ARM.Deploy.0 = Release|ARM
		{CFB7E59A-AB36-4B24-B28E-D34537FC1DAA}.ReleaseA|ARM64.ActiveCfg = Release|ARM64
		{CFB7E59A-AB36-4B24-B28E-D34537FC1DAA}.ReleaseA|ARM64.Build.0 = Release|ARM64
		{CFB7E59A-AB36-4B24-B28E-D34537FC1DAA}.ReleaseA|ARM64.Deploy.0 = Release|ARM64
		{CFB7E59A-AB36-4B24-B28E-D34537FC1DAA}.ReleaseA|x64.ActiveCfg = Release|x64
		{CFB7E59A-AB36-4B24-B28E-D34537FC1DAA}.ReleaseA|x64.Build.0 = Release|x64
		{CFB7E59A-AB36-4B24-B28E-D34537FC1DAA}.ReleaseA|x64.Deploy.0 = Release|x64
		{CFB7E59A-AB36-4B24-B28E-D34537FC1DAA}.ReleaseA|x86.ActiveCfg = Release|Win32
		{CFB7E59A-AB36-4B24-B28E-D34537FC1DAA}.ReleaseA|x86.Build.0 = Release|Win32
		{CFB7E59A-AB36-4B24-B28E-D34537FC1DAA}.ReleaseA|x86.Deploy.0 = Release|Win32
		{CFB7E59A-AB36-4B24-B28E-D34537FC1DAA}.SDebug|ARM.ActiveCfg = Debug|ARM
		{CFB7E59A-AB36-4B24-B28E-D34537FC1DAA}.SDebug|ARM.Build.0 = Debug|ARM
		{CFB7E59A-AB36-4B24-B28E-D34537FC1DAA}.SDebug|ARM.Deploy.0 = Debug|ARM
		{CFB7E59A-AB36-4B24-B28E-D34537FC1DAA}.SDebug|ARM64.ActiveCfg = Debug|ARM64
		{CFB7E59A-AB36-4B24-B28E-D34537FC1DAA}.SDebug|ARM64.Build.0 = Debug|ARM64
		{CFB7E59A-AB36-4B24-B28E-D34537FC1DAA}.SDebug|ARM64.Deploy.0 = Debug|ARM64
		{CFB7E59A-AB36-4B24-B28E-D34537FC1DAA}.SDebug|x64.ActiveCfg = Debug|x64
		{CFB7E59A-AB36-4B24-B28E-D34537FC1DAA}.SDebug|x64.Build.0 = Debug|x64
		{CFB7E59A-AB36-4B24-B28E-D34537FC1DAA}.SDebug|x64.Deploy.0 = Debug|x64
		{CFB7E59A-AB36-4B24-B28E-D34537FC1DAA}.SDebug|x86.ActiveCfg = Debug|Win32
		{CFB7E59A-AB36-4B24-B28E-D34537FC1DAA}.SDebug|x86.Build.0 = Debug|Win32
		{CFB7E59A-AB36-4B24-B28E-D34537FC1DAA}.SDebug|x86.Deploy.0 = Debug|Win32
		{CFB7E59A-AB36-4B24-B28E-D34537FC1DAA}.SDebugA|ARM.ActiveCfg = Debug|ARM
		{CFB7E59A-AB36-4B24-B28E-D34537FC1DAA}.SDebugA|ARM.Build.0 = Debug|ARM
		{CFB7E59A-AB36-4B24-B28E-D34537FC1DAA}.SDebugA|ARM.Deploy.0 = Debug|ARM
		{CFB7E59A-AB36-4B24-B28E-D34537FC1DAA}.SDebugA|ARM64.ActiveCfg = Debug|ARM64
		{CFB7E59A-AB36-4B24-B28E-D34537FC1DAA}.SDebugA|ARM64.Build.0 = Debug|ARM64
		{CFB7E59A-AB36-4B24-B28E-D34537FC1DAA}.SDebugA|ARM64.Deploy.0 = Debug|ARM64
		{CFB7E59A-AB36-4B24-B28E-D34537FC1DAA}.SDebugA|x64.ActiveCfg = Debug|x64
		{CFB7E59A-AB36-4B24-B28E-D34537FC1DAA}.SDebugA|x64.Build.0 = Debug|x64
		{CFB7E59A-AB36-4B24-B28E-D34537FC1DAA}.SDebugA|x64.Deploy.0 = Debug|x64
		{CFB7E59A-AB36-4B24-B28E-D34537FC1DAA}.SDebugA|x86.ActiveCfg = Debug|Win32
		{CFB7E59A-AB36-4B24-B28E-D34537FC1DAA}.SDebugA|x86.Build.0 = Debug|Win32
		{CFB7E59A-AB36-4B24-B28E-D34537FC1DAA}.SDebugA|x86.Deploy.0 = Debug|Win32
		{CFB7E59A-AB36-4B24-B28E-D34537FC1DAA}.SRelease|ARM.ActiveCfg = Release|ARM
		{CFB7E59A-AB36-4B24-B28E-D34537FC1DAA}.SRelease|ARM.Build.0 = Release|ARM
		{CFB7E59A-AB36-4B24-B28E-D34537FC1DAA}.SRelease|ARM.Deploy.0 = Release|ARM
		{CFB7E59A-AB36-4B24-B28E-D34537FC1DAA}.SRelease|ARM64.ActiveCfg = Release|ARM64
		{CFB7E59A-AB36-4B24-B28E-D34537FC1DAA}.SRelease|ARM64.Build.0 = Release|ARM64
		{CFB7E59A-AB36-4B24-B28E-D34537FC1DAA}.SRelease|ARM64.Deploy.0 = Release|ARM64
		{CFB7E59A-AB36-4B24-B28E-D34537FC1DAA}.SRelease|x64.ActiveCfg = Release|x64
		{CFB7E59A-AB36-4B24-B28E-D34537FC1DAA}.SRelease|x64.Build.0 = Release|x64
		{CFB7E59A-AB36-4B24-B28E-D34537FC1DAA}.SRelease|x64.Deploy.0 = Release|x64
		{CFB7E59A-AB36-4B24-B28E-D34537FC1DAA}.SRelease|x86.ActiveCfg = Release|Win32
		{CFB7E59A-AB36-4B24-B28E-D34537FC1DAA}.SRelease|x86.Build.0 = Release|Win32
		{CFB7E59A-AB36-4B24-B28E-D34537FC1DAA}.SRelease|x86.Deploy.0 = Release|Win32
		{CFB7E59A-AB36-4B24-B28E-D34537FC1DAA}.SReleaseA|ARM.ActiveCfg = Release|ARM
		{CFB7E59A-AB36-4B24-B28E-D34537FC1DAA}.SReleaseA|ARM.Build.0 = Release|ARM
		{CFB7E59A-AB36-4B24-B28E-D34537FC1DAA}.SReleaseA|ARM.Deploy.0 = Release|ARM
		{CFB7E59A-AB36-4B24-B28E-D34537FC1DAA}.SReleaseA|ARM64.ActiveCfg = Release|ARM64
		{CFB7E59A-AB36-4B24-B28E-D34537FC1DAA}.SReleaseA|ARM64.Build.0 = Release|ARM64
		{CFB7E59A-AB36-4B24-B28E-D34537FC1DAA}.SReleaseA|ARM64.Deploy.0 = Release|ARM64
		{CFB7E59A-AB36-4B24-B28E-D34537FC1DAA}.SReleaseA|x64.ActiveCfg = Release|x64
		{CFB7E59A-AB36-4B24-B28E-D34537FC1DAA}.SReleaseA|x64.Build.0 = Release|x64
		{CFB7E59A-AB36-4B24-B28E-D34537FC1DAA}.SReleaseA|x64.Deploy.0 = Release|x64
		{CFB7E59A-AB36-4B24-B28E-D34537FC1DAA}.SReleaseA|x86.ActiveCfg = Release|Win32
		{CFB7E59A-AB36-4B24-B28E-D34537FC1DAA}.SReleaseA|x86.Build.0 = Release|Win32
		{CFB7E59A-AB36-4B24-B28E-D34537FC1DAA}.SReleaseA|x86.Deploy.0 = Release|Win32
		{4282416D-0415-4A0A-A0DC-033DE19F3CFE}.Debug|ARM.ActiveCfg = Debug|Win32
		{4282416D-0415-4A0A-A0DC-033DE19F3CFE}.Debug|ARM64.ActiveCfg = Debug|Win32
		{4282416D-0415-4A0A-A0DC-033DE19F3CFE}.Debug|x64.ActiveCfg = Debug|x64
		{4282416D-0415-4A0A-A0DC-033DE19F3CFE}.Debug|x64.Build.0 = Debug|x64
		{4282416D-0415-4A0A-A0DC-033DE19F3CFE}.Debug|x86.ActiveCfg = Debug|Win32
		{4282416D-0415-4A0A-A0DC-033DE19F3CFE}.Debug|x86.Build.0 = Debug|Win32
		{4282416D-0415-4A0A-A0DC-033DE19F3CFE}.DebugA|ARM.ActiveCfg = Debug|Win32
		{4282416D-0415-4A0A-A0DC-033DE19F3CFE}.DebugA|ARM.Build.0 = Debug|Win32
		{4282416D-0415-4A0A-A0DC-033DE19F3CFE}.DebugA|ARM64.ActiveCfg = Debug|Win32
		{4282416D-0415-4A0A-A0DC-033DE19F3CFE}.DebugA|ARM64.Build.0 = Debug|Win32
		{4282416D-0415-4A0A-A0DC-033DE19F3CFE}.DebugA|x64.ActiveCfg = Debug|x64
		{4282416D-0415-4A0A-A0DC-033DE19F3CFE}.DebugA|x64.Build.0 = Debug|x64
		{4282416D-0415-4A0A-A0DC-033DE19F3CFE}.DebugA|x86.ActiveCfg = Debug|Win32
		{4282416D-0415-4A0A-A0DC-033DE19F3CFE}.DebugA|x86.Build.0 = Debug|Win32
		{4282416D-0415-4A0A-A0DC-033DE19F3CFE}.Release|ARM.ActiveCfg = Release|Win32
		{4282416D-0415-4A0A-A0DC-033DE19F3CFE}.Release|ARM64.ActiveCfg = Release|Win32
		{4282416D-0415-4A0A-A0DC-033DE19F3CFE}.Release|x64.ActiveCfg = Release|x64
		{4282416D-0415-4A0A-A0DC-033DE19F3CFE}.Release|x64.Build.0 = Release|x64
		{4282416D-0415-4A0A-A0DC-033DE19F3CFE}.Release|x86.ActiveCfg = Release|Win32
		{4282416D-0415-4A0A-A0DC-033DE19F3CFE}.Release|x86.Build.0 = Release|Win32
		{4282416D-0415-4A0A-A0DC-033DE19F3CFE}.ReleaseA|ARM.ActiveCfg = Debug|Win32
		{4282416D-0415-4A0A-A0DC-033DE19F3CFE}.ReleaseA|ARM.Build.0 = Debug|Win32
		{4282416D-0415-4A0A-A0DC-033DE19F3CFE}.ReleaseA|ARM64.ActiveCfg = Debug|Win32
		{4282416D-0415-4A0A-A0DC-033DE19F3CFE}.ReleaseA|ARM64.Build.0 = Debug|Win32
		{4282416D-0415-4A0A-A0DC-033DE19F3CFE}.ReleaseA|x64.ActiveCfg = Release|x64
		{4282416D-0415-4A0A-A0DC-033DE19F3CFE}.ReleaseA|x64.Build.0 = Release|x64
		{4282416D-0415-4A0A-A0DC-033DE19F3CFE}.ReleaseA|x86.ActiveCfg = Release|Win32
		{4282416D-0415-4A0A-A0DC-033DE19F3CFE}.ReleaseA|x86.Build.0 = Release|Win32
		{4282416D-0415-4A0A-A0DC-033DE19F3CFE}.SDebug|ARM.ActiveCfg = Debug|Win32
		{4282416D-0415-4A0A-A0DC-033DE19F3CFE}.SDebug|ARM.Build.0 = Debug|Win32
		{4282416D-0415-4A0A-A0DC-033DE19F3CFE}.SDebug|ARM64.ActiveCfg = Debug|Win32
		{4282416D-0415-4A0A-A0DC-033DE19F3CFE}.SDebug|ARM64.Build.0 = Debug|Win32
		{4282416D-0415-4A0A-A0DC-033DE19F3CFE}.SDebug|x64.ActiveCfg = Debug|x64
		{4282416D-0415-4A0A-A0DC-033DE19F3CFE}.SDebug|x64.Build.0 = Debug|x64
		{4282416D-0415-4A0A-A0DC-033DE19F3CFE}.SDebug|x86.ActiveCfg = Debug|Win32
		{4282416D-0415-4A0A-A0DC-033DE19F3CFE}.SDebug|x86.Build.0 = Debug|Win32
		{4282416D-0415-4A0A-A0DC-033DE19F3CFE}.SDebugA|ARM.ActiveCfg = Debug|Win32
		{4282416D-0415-4A0A-A0DC-033DE19F3CFE}.SDebugA|ARM.Build.0 = Debug|Win32
		{4282416D-0415-4A0A-A0DC-033DE19F3CFE}.SDebugA|ARM64.ActiveCfg = Debug|Win32
		{4282416D-0415-4A0A-A0DC-033DE19F3CFE}.SDebugA|ARM64.Build.0 = Debug|Win32
		{4282416D-0415-4A0A-A0DC-033DE19F3CFE}.SDebugA|x64.ActiveCfg = Debug|x64
		{4282416D-0415-4A0A-A0DC-033DE19F3CFE}.SDebugA|x64.Build.0 = Debug|x64
		{4282416D-0415-4A0A-A0DC-033DE19F3CFE}.SDebugA|x86.ActiveCfg = Debug|Win32
		{4282416D-0415-4A0A-A0DC-033DE19F3CFE}.SDebugA|x86.Build.0 = Debug|Win32
		{4282416D-0415-4A0A-A0DC-033DE19F3CFE}.SRelease|ARM.ActiveCfg = Debug|Win32
		{4282416D-0415-4A0A-A0DC-033DE19F3CFE}.SRelease|ARM.Build.0 = Debug|Win32
		{4282416D-0415-4A0A-A0DC-033DE19F3CFE}.SRelease|ARM64.ActiveCfg = Debug|Win32
		{4282416D-0415-4A0A-A0DC-033DE19F3CFE}.SRelease|ARM64.Build.0 = Debug|Win32
		{4282416D-0415-4A0A-A0DC-033DE19F3CFE}.SRelease|x64.ActiveCfg = Release|x64
		{4282416D-0415-4A0A-A0DC-033DE19F3CFE}.SRelease|x64.Build.0 = Release|x64
		{4282416D-0415-4A0A-A0DC-033DE19F3CFE}.SRelease|x86.ActiveCfg = Release|Win32
		{4282416D-0415-4A0A-A0DC-033DE19F3CFE}.SRelease|x86.Build.0 = Release|Win32
		{4282416D-0415-4A0A-A0DC-033DE19F3CFE}.SReleaseA|ARM.ActiveCfg = Debug|Win32
		{4282416D-0415-4A0A-A0DC-033DE19F3CFE}.SReleaseA|ARM.Build.0 = Debug|Win32
		{4282416D-0415-4A0A-A0DC-033DE19F3CFE}.SReleaseA|ARM64.ActiveCfg = Debug|Win32
		{4282416D-0415-4A0A-A0DC-033DE19F3CFE}.SReleaseA|ARM64.Build.0 = Debug|Win32
		{4282416D-0415-4A0A-A0DC-033DE19F3CFE}.SReleaseA|x64.ActiveCfg = Release|x64
		{4282416D-0415-4A0A-A0DC-033DE19F3CFE}.SReleaseA|x64.Build.0 = Release|x64
		{4282416D-0415-4A0A-A0DC-033DE19F3CFE}.SReleaseA|x86.ActiveCfg = Release|Win32
		{4282416D-0415-4A0A-A0DC-033DE19F3CFE}.SReleaseA|x86.Build.0 = Release|Win32
	EndGlobalSection
	GlobalSection(SolutionProperties) = preSolution
		HideSolutionNode = FALSE
	EndGlobalSection
	GlobalSection(ExtensibilityGlobals) = postSolution
		SolutionGuid = {4DA91585-41C9-4CF5-978D-36FF1629884A}
	EndGlobalSection
EndGlobal
