
Microsoft Visual Studio Solution File, Format Version 12.00
# Visual Studio Version 16
Project("{8BC9CEB8-8B4A-11D0-8D11-00A0C91BC942}") = "ALL_BUILD", "ALL_BUILD.vcxproj", "{622F5E60-9607-3EBD-AFCE-2101B260C5EC}"
	ProjectSection(ProjectDependencies) = postProject
		{7A7392FB-E2E4-3D11-A853-5D83566C8D45} = {7A7392FB-E2E4-3D11-A853-5D83566C8D45}
		{58F78B62-C417-35CD-A11D-1875C737F900} = {58F78B62-C417-35CD-A11D-1875C737F900}
		{C09320CC-9337-397B-9B09-1513EEC15CD6} = {C09320CC-9337-397B-9B09-1513EEC15CD6}
		{C01DF63C-30B2-35A0-ABAF-F61FFCFBB3FA} = {C01DF63C-30B2-35A0-ABAF-F61FFCFBB3FA}
		{109398E5-218C-386D-A90F-B51BE35550CE} = {109398E5-218C-386D-A90F-B51BE35550CE}
	EndProjectSection
EndProject
Project("{8BC9CEB8-8B4A-11D0-8D11-00A0C91BC942}") = "Continuous", "Continuous.vcxproj", "{60E3C866-0A21-3A03-A542-CE0762464360}"
	ProjectSection(ProjectDependencies) = postProject
		{7A7392FB-E2E4-3D11-A853-5D83566C8D45} = {7A7392FB-E2E4-3D11-A853-5D83566C8D45}
	EndProjectSection
EndProject
Project("{8BC9CEB8-8B4A-11D0-8D11-00A0C91BC942}") = "Experimental", "Experimental.vcxproj", "{5C11BB7A-9B7B-3A6E-9508-1D246554DA32}"
	ProjectSection(ProjectDependencies) = postProject
		{7A7392FB-E2E4-3D11-A853-5D83566C8D45} = {7A7392FB-E2E4-3D11-A853-5D83566C8D45}
	EndProjectSection
EndProject
Project("{8BC9CEB8-8B4A-11D0-8D11-00A0C91BC942}") = "INSTALL", "INSTALL.vcxproj", "{19E59BD1-C3C7-3DA3-8833-6E4BA09903C6}"
	ProjectSection(ProjectDependencies) = postProject
		{622F5E60-9607-3EBD-AFCE-2101B260C5EC} = {622F5E60-9607-3EBD-AFCE-2101B260C5EC}
		{7A7392FB-E2E4-3D11-A853-5D83566C8D45} = {7A7392FB-E2E4-3D11-A853-5D83566C8D45}
	EndProjectSection
EndProject
Project("{8BC9CEB8-8B4A-11D0-8D11-00A0C91BC942}") = "Nightly", "Nightly.vcxproj", "{288E8B4E-2ED2-3ED1-8778-6B6AF68EDE5B}"
	ProjectSection(ProjectDependencies) = postProject
		{7A7392FB-E2E4-3D11-A853-5D83566C8D45} = {7A7392FB-E2E4-3D11-A853-5D83566C8D45}
	EndProjectSection
EndProject
Project("{8BC9CEB8-8B4A-11D0-8D11-00A0C91BC942}") = "NightlyMemoryCheck", "NightlyMemoryCheck.vcxproj", "{0041B8FF-0824-3275-ABC9-6D84EF30CE4D}"
	ProjectSection(ProjectDependencies) = postProject
		{7A7392FB-E2E4-3D11-A853-5D83566C8D45} = {7A7392FB-E2E4-3D11-A853-5D83566C8D45}
	EndProjectSection
EndProject
Project("{8BC9CEB8-8B4A-11D0-8D11-00A0C91BC942}") = "RUN_TESTS", "RUN_TESTS.vcxproj", "{D88D1A5F-EF3C-363F-B796-DC81FC304D0E}"
	ProjectSection(ProjectDependencies) = postProject
		{7A7392FB-E2E4-3D11-A853-5D83566C8D45} = {7A7392FB-E2E4-3D11-A853-5D83566C8D45}
	EndProjectSection
EndProject
Project("{8BC9CEB8-8B4A-11D0-8D11-00A0C91BC942}") = "ZERO_CHECK", "ZERO_CHECK.vcxproj", "{7A7392FB-E2E4-3D11-A853-5D83566C8D45}"
	ProjectSection(ProjectDependencies) = postProject
	EndProjectSection
EndProject
Project("{8BC9CEB8-8B4A-11D0-8D11-00A0C91BC942}") = "uninstall", "uninstall.vcxproj", "{3CDB7AEA-FC9F-350D-B3FD-1F672F31AB90}"
	ProjectSection(ProjectDependencies) = postProject
		{7A7392FB-E2E4-3D11-A853-5D83566C8D45} = {7A7392FB-E2E4-3D11-A853-5D83566C8D45}
	EndProjectSection
EndProject
Project("{8BC9CEB8-8B4A-11D0-8D11-00A0C91BC942}") = "yaml-cpp", "yaml-cpp.vcxproj", "{58F78B62-C417-35CD-A11D-1875C737F900}"
	ProjectSection(ProjectDependencies) = postProject
		{7A7392FB-E2E4-3D11-A853-5D83566C8D45} = {7A7392FB-E2E4-3D11-A853-5D83566C8D45}
	EndProjectSection
EndProject
Project("{8BC9CEB8-8B4A-11D0-8D11-00A0C91BC942}") = "yaml-cpp-parse", "util\yaml-cpp-parse.vcxproj", "{C09320CC-9337-397B-9B09-1513EEC15CD6}"
	ProjectSection(ProjectDependencies) = postProject
		{7A7392FB-E2E4-3D11-A853-5D83566C8D45} = {7A7392FB-E2E4-3D11-A853-5D83566C8D45}
		{58F78B62-C417-35CD-A11D-1875C737F900} = {58F78B62-C417-35CD-A11D-1875C737F900}
	EndProjectSection
EndProject
Project("{8BC9CEB8-8B4A-11D0-8D11-00A0C91BC942}") = "yaml-cpp-read", "util\yaml-cpp-read.vcxproj", "{C01DF63C-30B2-35A0-ABAF-F61FFCFBB3FA}"
	ProjectSection(ProjectDependencies) = postProject
		{7A7392FB-E2E4-3D11-A853-5D83566C8D45} = {7A7392FB-E2E4-3D11-A853-5D83566C8D45}
		{58F78B62-C417-35CD-A11D-1875C737F900} = {58F78B62-C417-35CD-A11D-1875C737F900}
	EndProjectSection
EndProject
Project("{8BC9CEB8-8B4A-11D0-8D11-00A0C91BC942}") = "yaml-cpp-sandbox", "util\yaml-cpp-sandbox.vcxproj", "{109398E5-218C-386D-A90F-B51BE35550CE}"
	ProjectSection(ProjectDependencies) = postProject
		{7A7392FB-E2E4-3D11-A853-5D83566C8D45} = {7A7392FB-E2E4-3D11-A853-5D83566C8D45}
		{58F78B62-C417-35CD-A11D-1875C737F900} = {58F78B62-C417-35CD-A11D-1875C737F900}
	EndProjectSection
EndProject
Global
	GlobalSection(SolutionConfigurationPlatforms) = preSolution
		Debug|x64 = Debug|x64
		Release|x64 = Release|x64
		MinSizeRel|x64 = MinSizeRel|x64
		RelWithDebInfo|x64 = RelWithDebInfo|x64
	EndGlobalSection
	GlobalSection(ProjectConfigurationPlatforms) = postSolution
		{622F5E60-9607-3EBD-AFCE-2101B260C5EC}.Debug|x64.ActiveCfg = Debug|x64
		{622F5E60-9607-3EBD-AFCE-2101B260C5EC}.Debug|x64.Build.0 = Debug|x64
		{622F5E60-9607-3EBD-AFCE-2101B260C5EC}.Release|x64.ActiveCfg = Release|x64
		{622F5E60-9607-3EBD-AFCE-2101B260C5EC}.Release|x64.Build.0 = Release|x64
		{622F5E60-9607-3EBD-AFCE-2101B260C5EC}.MinSizeRel|x64.ActiveCfg = MinSizeRel|x64
		{622F5E60-9607-3EBD-AFCE-2101B260C5EC}.MinSizeRel|x64.Build.0 = MinSizeRel|x64
		{622F5E60-9607-3EBD-AFCE-2101B260C5EC}.RelWithDebInfo|x64.ActiveCfg = RelWithDebInfo|x64
		{622F5E60-9607-3EBD-AFCE-2101B260C5EC}.RelWithDebInfo|x64.Build.0 = RelWithDebInfo|x64
		{60E3C866-0A21-3A03-A542-CE0762464360}.Debug|x64.ActiveCfg = Debug|x64
		{60E3C866-0A21-3A03-A542-CE0762464360}.Release|x64.ActiveCfg = Release|x64
		{60E3C866-0A21-3A03-A542-CE0762464360}.MinSizeRel|x64.ActiveCfg = MinSizeRel|x64
		{60E3C866-0A21-3A03-A542-CE0762464360}.RelWithDebInfo|x64.ActiveCfg = RelWithDebInfo|x64
		{5C11BB7A-9B7B-3A6E-9508-1D246554DA32}.Debug|x64.ActiveCfg = Debug|x64
		{5C11BB7A-9B7B-3A6E-9508-1D246554DA32}.Release|x64.ActiveCfg = Release|x64
		{5C11BB7A-9B7B-3A6E-9508-1D246554DA32}.MinSizeRel|x64.ActiveCfg = MinSizeRel|x64
		{5C11BB7A-9B7B-3A6E-9508-1D246554DA32}.RelWithDebInfo|x64.ActiveCfg = RelWithDebInfo|x64
		{19E59BD1-C3C7-3DA3-8833-6E4BA09903C6}.Debug|x64.ActiveCfg = Debug|x64
		{19E59BD1-C3C7-3DA3-8833-6E4BA09903C6}.Release|x64.ActiveCfg = Release|x64
		{19E59BD1-C3C7-3DA3-8833-6E4BA09903C6}.MinSizeRel|x64.ActiveCfg = MinSizeRel|x64
		{19E59BD1-C3C7-3DA3-8833-6E4BA09903C6}.RelWithDebInfo|x64.ActiveCfg = RelWithDebInfo|x64
		{288E8B4E-2ED2-3ED1-8778-6B6AF68EDE5B}.Debug|x64.ActiveCfg = Debug|x64
		{288E8B4E-2ED2-3ED1-8778-6B6AF68EDE5B}.Release|x64.ActiveCfg = Release|x64
		{288E8B4E-2ED2-3ED1-8778-6B6AF68EDE5B}.MinSizeRel|x64.ActiveCfg = MinSizeRel|x64
		{288E8B4E-2ED2-3ED1-8778-6B6AF68EDE5B}.RelWithDebInfo|x64.ActiveCfg = RelWithDebInfo|x64
		{0041B8FF-0824-3275-ABC9-6D84EF30CE4D}.Debug|x64.ActiveCfg = Debug|x64
		{0041B8FF-0824-3275-ABC9-6D84EF30CE4D}.Release|x64.ActiveCfg = Release|x64
		{0041B8FF-0824-3275-ABC9-6D84EF30CE4D}.MinSizeRel|x64.ActiveCfg = MinSizeRel|x64
		{0041B8FF-0824-3275-ABC9-6D84EF30CE4D}.RelWithDebInfo|x64.ActiveCfg = RelWithDebInfo|x64
		{D88D1A5F-EF3C-363F-B796-DC81FC304D0E}.Debug|x64.ActiveCfg = Debug|x64
		{D88D1A5F-EF3C-363F-B796-DC81FC304D0E}.Release|x64.ActiveCfg = Release|x64
		{D88D1A5F-EF3C-363F-B796-DC81FC304D0E}.MinSizeRel|x64.ActiveCfg = MinSizeRel|x64
		{D88D1A5F-EF3C-363F-B796-DC81FC304D0E}.RelWithDebInfo|x64.ActiveCfg = RelWithDebInfo|x64
		{7A7392FB-E2E4-3D11-A853-5D83566C8D45}.Debug|x64.ActiveCfg = Debug|x64
		{7A7392FB-E2E4-3D11-A853-5D83566C8D45}.Debug|x64.Build.0 = Debug|x64
		{7A7392FB-E2E4-3D11-A853-5D83566C8D45}.Release|x64.ActiveCfg = Release|x64
		{7A7392FB-E2E4-3D11-A853-5D83566C8D45}.Release|x64.Build.0 = Release|x64
		{7A7392FB-E2E4-3D11-A853-5D83566C8D45}.MinSizeRel|x64.ActiveCfg = MinSizeRel|x64
		{7A7392FB-E2E4-3D11-A853-5D83566C8D45}.MinSizeRel|x64.Build.0 = MinSizeRel|x64
		{7A7392FB-E2E4-3D11-A853-5D83566C8D45}.RelWithDebInfo|x64.ActiveCfg = RelWithDebInfo|x64
		{7A7392FB-E2E4-3D11-A853-5D83566C8D45}.RelWithDebInfo|x64.Build.0 = RelWithDebInfo|x64
		{3CDB7AEA-FC9F-350D-B3FD-1F672F31AB90}.Debug|x64.ActiveCfg = Debug|x64
		{3CDB7AEA-FC9F-350D-B3FD-1F672F31AB90}.Release|x64.ActiveCfg = Release|x64
		{3CDB7AEA-FC9F-350D-B3FD-1F672F31AB90}.MinSizeRel|x64.ActiveCfg = MinSizeRel|x64
		{3CDB7AEA-FC9F-350D-B3FD-1F672F31AB90}.RelWithDebInfo|x64.ActiveCfg = RelWithDebInfo|x64
		{58F78B62-C417-35CD-A11D-1875C737F900}.Debug|x64.ActiveCfg = Debug|x64
		{58F78B62-C417-35CD-A11D-1875C737F900}.Debug|x64.Build.0 = Debug|x64
		{58F78B62-C417-35CD-A11D-1875C737F900}.Release|x64.ActiveCfg = Release|x64
		{58F78B62-C417-35CD-A11D-1875C737F900}.Release|x64.Build.0 = Release|x64
		{58F78B62-C417-35CD-A11D-1875C737F900}.MinSizeRel|x64.ActiveCfg = MinSizeRel|x64
		{58F78B62-C417-35CD-A11D-1875C737F900}.MinSizeRel|x64.Build.0 = MinSizeRel|x64
		{58F78B62-C417-35CD-A11D-1875C737F900}.RelWithDebInfo|x64.ActiveCfg = RelWithDebInfo|x64
		{58F78B62-C417-35CD-A11D-1875C737F900}.RelWithDebInfo|x64.Build.0 = RelWithDebInfo|x64
		{C09320CC-9337-397B-9B09-1513EEC15CD6}.Debug|x64.ActiveCfg = Debug|x64
		{C09320CC-9337-397B-9B09-1513EEC15CD6}.Debug|x64.Build.0 = Debug|x64
		{C09320CC-9337-397B-9B09-1513EEC15CD6}.Release|x64.ActiveCfg = Release|x64
		{C09320CC-9337-397B-9B09-1513EEC15CD6}.Release|x64.Build.0 = Release|x64
		{C09320CC-9337-397B-9B09-1513EEC15CD6}.MinSizeRel|x64.ActiveCfg = MinSizeRel|x64
		{C09320CC-9337-397B-9B09-1513EEC15CD6}.MinSizeRel|x64.Build.0 = MinSizeRel|x64
		{C09320CC-9337-397B-9B09-1513EEC15CD6}.RelWithDebInfo|x64.ActiveCfg = RelWithDebInfo|x64
		{C09320CC-9337-397B-9B09-1513EEC15CD6}.RelWithDebInfo|x64.Build.0 = RelWithDebInfo|x64
		{C01DF63C-30B2-35A0-ABAF-F61FFCFBB3FA}.Debug|x64.ActiveCfg = Debug|x64
		{C01DF63C-30B2-35A0-ABAF-F61FFCFBB3FA}.Debug|x64.Build.0 = Debug|x64
		{C01DF63C-30B2-35A0-ABAF-F61FFCFBB3FA}.Release|x64.ActiveCfg = Release|x64
		{C01DF63C-30B2-35A0-ABAF-F61FFCFBB3FA}.Release|x64.Build.0 = Release|x64
		{C01DF63C-30B2-35A0-ABAF-F61FFCFBB3FA}.MinSizeRel|x64.ActiveCfg = MinSizeRel|x64
		{C01DF63C-30B2-35A0-ABAF-F61FFCFBB3FA}.MinSizeRel|x64.Build.0 = MinSizeRel|x64
		{C01DF63C-30B2-35A0-ABAF-F61FFCFBB3FA}.RelWithDebInfo|x64.ActiveCfg = RelWithDebInfo|x64
		{C01DF63C-30B2-35A0-ABAF-F61FFCFBB3FA}.RelWithDebInfo|x64.Build.0 = RelWithDebInfo|x64
		{109398E5-218C-386D-A90F-B51BE35550CE}.Debug|x64.ActiveCfg = Debug|x64
		{109398E5-218C-386D-A90F-B51BE35550CE}.Debug|x64.Build.0 = Debug|x64
		{109398E5-218C-386D-A90F-B51BE35550CE}.Release|x64.ActiveCfg = Release|x64
		{109398E5-218C-386D-A90F-B51BE35550CE}.Release|x64.Build.0 = Release|x64
		{109398E5-218C-386D-A90F-B51BE35550CE}.MinSizeRel|x64.ActiveCfg = MinSizeRel|x64
		{109398E5-218C-386D-A90F-B51BE35550CE}.MinSizeRel|x64.Build.0 = MinSizeRel|x64
		{109398E5-218C-386D-A90F-B51BE35550CE}.RelWithDebInfo|x64.ActiveCfg = RelWithDebInfo|x64
		{109398E5-218C-386D-A90F-B51BE35550CE}.RelWithDebInfo|x64.Build.0 = RelWithDebInfo|x64
	EndGlobalSection
	GlobalSection(ExtensibilityGlobals) = postSolution
		SolutionGuid = {9392451B-1FFA-3B06-B256-1859F9B6615D}
	EndGlobalSection
	GlobalSection(ExtensibilityAddIns) = postSolution
	EndGlobalSection
EndGlobal
