
Microsoft Visual Studio Solution File, Format Version 12.00
# Visual Studio Version 16
VisualStudioVersion = 16.0.32106.194
MinimumVisualStudioVersion = 10.0.40219.1
Project("{8BC9CEB8-8B4A-11D0-8D11-00A0C91BC942}") = "hadesview", "hadesview\hadesview.vcxproj", "{C3D88E11-E0E0-4C9F-9B2D-37E49F58D1FD}"
EndProject
Project("{8BC9CEB8-8B4A-11D0-8D11-00A0C91BC942}") = "DuiLib", "DuiLib\DuiLib.vcxproj", "{E106ACD7-4E53-4AEE-942B-D0DD426DB34E}"
EndProject
Project("{8BC9CEB8-8B4A-11D0-8D11-00A0C91BC942}") = "servercon", "servicecontoller\mcfilter.vcxproj", "{4282416D-0415-4A0A-A0DC-033DE19F3CFE}"
EndProject
Project("{8BC9CEB8-8B4A-11D0-8D11-00A0C91BC942}") = "wfptools", "monitorevent\wfptools\wfptools.vcxproj", "{BE960098-BF08-4063-ACCC-4785E81689B1}"
EndProject
Project("{8BC9CEB8-8B4A-11D0-8D11-00A0C91BC942}") = "wfpdriver", "monitorevent\wfpdriver\wfpdriver.vcxproj", "{17254E58-A2DB-49B5-8359-E4C754F709E1}"
EndProject
Project("{8BC9CEB8-8B4A-11D0-8D11-00A0C91BC942}") = "sysmonuser", "monitorevent\sysmonuser\sysmonuser.vcxproj", "{10298E04-A4E9-4A4E-B516-85200544874B}"
EndProject
Project("{8BC9CEB8-8B4A-11D0-8D11-00A0C91BC942}") = "sysmondriver", "monitorevent\sysmondriver\driver.vcxproj", "{CFB7E59A-AB36-4B24-B28E-D34537FC1DAA}"
EndProject
Global
	GlobalSection(SolutionConfigurationPlatforms) = preSolution
		Debug|ARM = Debug|ARM
		Debug|ARM64 = Debug|ARM64
		Debug|x64 = Debug|x64
		Debug|x86 = Debug|x86
		Release|ARM = Release|ARM
		Release|ARM64 = Release|ARM64
		Release|x64 = Release|x64
		Release|x86 = Release|x86
	EndGlobalSection
	GlobalSection(ProjectConfigurationPlatforms) = postSolution
		{C3D88E11-E0E0-4C9F-9B2D-37E49F58D1FD}.Debug|ARM.ActiveCfg = Debug|Win32
		{C3D88E11-E0E0-4C9F-9B2D-37E49F58D1FD}.Debug|ARM64.ActiveCfg = Debug|Win32
		{C3D88E11-E0E0-4C9F-9B2D-37E49F58D1FD}.Debug|x64.ActiveCfg = Debug|x64
		{C3D88E11-E0E0-4C9F-9B2D-37E49F58D1FD}.Debug|x64.Build.0 = Debug|x64
		{C3D88E11-E0E0-4C9F-9B2D-37E49F58D1FD}.Debug|x86.ActiveCfg = Debug|Win32
		{C3D88E11-E0E0-4C9F-9B2D-37E49F58D1FD}.Debug|x86.Build.0 = Debug|Win32
		{C3D88E11-E0E0-4C9F-9B2D-37E49F58D1FD}.Release|ARM.ActiveCfg = Release|Win32
		{C3D88E11-E0E0-4C9F-9B2D-37E49F58D1FD}.Release|ARM64.ActiveCfg = Release|Win32
		{C3D88E11-E0E0-4C9F-9B2D-37E49F58D1FD}.Release|x64.ActiveCfg = Release|x64
		{C3D88E11-E0E0-4C9F-9B2D-37E49F58D1FD}.Release|x64.Build.0 = Release|x64
		{C3D88E11-E0E0-4C9F-9B2D-37E49F58D1FD}.Release|x86.ActiveCfg = Release|Win32
		{C3D88E11-E0E0-4C9F-9B2D-37E49F58D1FD}.Release|x86.Build.0 = Release|Win32
		{E106ACD7-4E53-4AEE-942B-D0DD426DB34E}.Debug|ARM.ActiveCfg = Debug|Win32
		{E106ACD7-4E53-4AEE-942B-D0DD426DB34E}.Debug|ARM64.ActiveCfg = Debug|Win32
		{E106ACD7-4E53-4AEE-942B-D0DD426DB34E}.Debug|x64.ActiveCfg = Debug|Win32
		{E106ACD7-4E53-4AEE-942B-D0DD426DB34E}.Debug|x86.ActiveCfg = Debug|Win32
		{E106ACD7-4E53-4AEE-942B-D0DD426DB34E}.Debug|x86.Build.0 = Debug|Win32
		{E106ACD7-4E53-4AEE-942B-D0DD426DB34E}.Release|ARM.ActiveCfg = Release|Win32
		{E106ACD7-4E53-4AEE-942B-D0DD426DB34E}.Release|ARM64.ActiveCfg = Release|Win32
		{E106ACD7-4E53-4AEE-942B-D0DD426DB34E}.Release|x64.ActiveCfg = Release|Win32
		{E106ACD7-4E53-4AEE-942B-D0DD426DB34E}.Release|x86.ActiveCfg = Release|Win32
		{E106ACD7-4E53-4AEE-942B-D0DD426DB34E}.Release|x86.Build.0 = Release|Win32
		{4282416D-0415-4A0A-A0DC-033DE19F3CFE}.Debug|ARM.ActiveCfg = Debug|Win32
		{4282416D-0415-4A0A-A0DC-033DE19F3CFE}.Debug|ARM64.ActiveCfg = Debug|Win32
		{4282416D-0415-4A0A-A0DC-033DE19F3CFE}.Debug|x64.ActiveCfg = Debug|x64
		{4282416D-0415-4A0A-A0DC-033DE19F3CFE}.Debug|x64.Build.0 = Debug|x64
		{4282416D-0415-4A0A-A0DC-033DE19F3CFE}.Debug|x86.ActiveCfg = Debug|Win32
		{4282416D-0415-4A0A-A0DC-033DE19F3CFE}.Debug|x86.Build.0 = Debug|Win32
		{4282416D-0415-4A0A-A0DC-033DE19F3CFE}.Release|ARM.ActiveCfg = Release|Win32
		{4282416D-0415-4A0A-A0DC-033DE19F3CFE}.Release|ARM64.ActiveCfg = Release|Win32
		{4282416D-0415-4A0A-A0DC-033DE19F3CFE}.Release|x64.ActiveCfg = Release|x64
		{4282416D-0415-4A0A-A0DC-033DE19F3CFE}.Release|x64.Build.0 = Release|x64
		{4282416D-0415-4A0A-A0DC-033DE19F3CFE}.Release|x86.ActiveCfg = Release|Win32
		{4282416D-0415-4A0A-A0DC-033DE19F3CFE}.Release|x86.Build.0 = Release|Win32
		{BE960098-BF08-4063-ACCC-4785E81689B1}.Debug|ARM.ActiveCfg = Debug|Win32
		{BE960098-BF08-4063-ACCC-4785E81689B1}.Debug|ARM64.ActiveCfg = Debug|Win32
		{BE960098-BF08-4063-ACCC-4785E81689B1}.Debug|x64.ActiveCfg = Debug|x64
		{BE960098-BF08-4063-ACCC-4785E81689B1}.Debug|x64.Build.0 = Debug|x64
		{BE960098-BF08-4063-ACCC-4785E81689B1}.Debug|x86.ActiveCfg = Debug|Win32
		{BE960098-BF08-4063-ACCC-4785E81689B1}.Debug|x86.Build.0 = Debug|Win32
		{BE960098-BF08-4063-ACCC-4785E81689B1}.Release|ARM.ActiveCfg = Release|Win32
		{BE960098-BF08-4063-ACCC-4785E81689B1}.Release|ARM64.ActiveCfg = Release|Win32
		{BE960098-BF08-4063-ACCC-4785E81689B1}.Release|x64.ActiveCfg = Release|x64
		{BE960098-BF08-4063-ACCC-4785E81689B1}.Release|x64.Build.0 = Release|x64
		{BE960098-BF08-4063-ACCC-4785E81689B1}.Release|x86.ActiveCfg = Release|Win32
		{BE960098-BF08-4063-ACCC-4785E81689B1}.Release|x86.Build.0 = Release|Win32
		{17254E58-A2DB-49B5-8359-E4C754F709E1}.Debug|ARM.ActiveCfg = Debug|ARM
		{17254E58-A2DB-49B5-8359-E4C754F709E1}.Debug|ARM.Build.0 = Debug|ARM
		{17254E58-A2DB-49B5-8359-E4C754F709E1}.Debug|ARM.Deploy.0 = Debug|ARM
		{17254E58-A2DB-49B5-8359-E4C754F709E1}.Debug|ARM64.ActiveCfg = Debug|ARM64
		{17254E58-A2DB-49B5-8359-E4C754F709E1}.Debug|ARM64.Build.0 = Debug|ARM64
		{17254E58-A2DB-49B5-8359-E4C754F709E1}.Debug|ARM64.Deploy.0 = Debug|ARM64
		{17254E58-A2DB-49B5-8359-E4C754F709E1}.Debug|x64.ActiveCfg = Debug|x64
		{17254E58-A2DB-49B5-8359-E4C754F709E1}.Debug|x64.Build.0 = Debug|x64
		{17254E58-A2DB-49B5-8359-E4C754F709E1}.Debug|x64.Deploy.0 = Debug|x64
		{17254E58-A2DB-49B5-8359-E4C754F709E1}.Debug|x86.ActiveCfg = Debug|Win32
		{17254E58-A2DB-49B5-8359-E4C754F709E1}.Debug|x86.Build.0 = Debug|Win32
		{17254E58-A2DB-49B5-8359-E4C754F709E1}.Debug|x86.Deploy.0 = Debug|Win32
		{17254E58-A2DB-49B5-8359-E4C754F709E1}.Release|ARM.ActiveCfg = Release|ARM
		{17254E58-A2DB-49B5-8359-E4C754F709E1}.Release|ARM.Build.0 = Release|ARM
		{17254E58-A2DB-49B5-8359-E4C754F709E1}.Release|ARM.Deploy.0 = Release|ARM
		{17254E58-A2DB-49B5-8359-E4C754F709E1}.Release|ARM64.ActiveCfg = Release|ARM64
		{17254E58-A2DB-49B5-8359-E4C754F709E1}.Release|ARM64.Build.0 = Release|ARM64
		{17254E58-A2DB-49B5-8359-E4C754F709E1}.Release|ARM64.Deploy.0 = Release|ARM64
		{17254E58-A2DB-49B5-8359-E4C754F709E1}.Release|x64.ActiveCfg = Release|x64
		{17254E58-A2DB-49B5-8359-E4C754F709E1}.Release|x64.Build.0 = Release|x64
		{17254E58-A2DB-49B5-8359-E4C754F709E1}.Release|x64.Deploy.0 = Release|x64
		{17254E58-A2DB-49B5-8359-E4C754F709E1}.Release|x86.ActiveCfg = Release|Win32
		{17254E58-A2DB-49B5-8359-E4C754F709E1}.Release|x86.Build.0 = Release|Win32
		{17254E58-A2DB-49B5-8359-E4C754F709E1}.Release|x86.Deploy.0 = Release|Win32
		{10298E04-A4E9-4A4E-B516-85200544874B}.Debug|ARM.ActiveCfg = Debug|Win32
		{10298E04-A4E9-4A4E-B516-85200544874B}.Debug|ARM64.ActiveCfg = Debug|Win32
		{10298E04-A4E9-4A4E-B516-85200544874B}.Debug|x64.ActiveCfg = Debug|x64
		{10298E04-A4E9-4A4E-B516-85200544874B}.Debug|x64.Build.0 = Debug|x64
		{10298E04-A4E9-4A4E-B516-85200544874B}.Debug|x86.ActiveCfg = Debug|Win32
		{10298E04-A4E9-4A4E-B516-85200544874B}.Debug|x86.Build.0 = Debug|Win32
		{10298E04-A4E9-4A4E-B516-85200544874B}.Release|ARM.ActiveCfg = Release|Win32
		{10298E04-A4E9-4A4E-B516-85200544874B}.Release|ARM64.ActiveCfg = Release|Win32
		{10298E04-A4E9-4A4E-B516-85200544874B}.Release|x64.ActiveCfg = Release|x64
		{10298E04-A4E9-4A4E-B516-85200544874B}.Release|x64.Build.0 = Release|x64
		{10298E04-A4E9-4A4E-B516-85200544874B}.Release|x86.ActiveCfg = Release|Win32
		{10298E04-A4E9-4A4E-B516-85200544874B}.Release|x86.Build.0 = Release|Win32
		{CFB7E59A-AB36-4B24-B28E-D34537FC1DAA}.Debug|ARM.ActiveCfg = Debug|ARM
		{CFB7E59A-AB36-4B24-B28E-D34537FC1DAA}.Debug|ARM.Build.0 = Debug|ARM
		{CFB7E59A-AB36-4B24-B28E-D34537FC1DAA}.Debug|ARM.Deploy.0 = Debug|ARM
		{CFB7E59A-AB36-4B24-B28E-D34537FC1DAA}.Debug|ARM64.ActiveCfg = Debug|ARM64
		{CFB7E59A-AB36-4B24-B28E-D34537FC1DAA}.Debug|ARM64.Build.0 = Debug|ARM64
		{CFB7E59A-AB36-4B24-B28E-D34537FC1DAA}.Debug|ARM64.Deploy.0 = Debug|ARM64
		{CFB7E59A-AB36-4B24-B28E-D34537FC1DAA}.Debug|x64.ActiveCfg = Debug|x64
		{CFB7E59A-AB36-4B24-B28E-D34537FC1DAA}.Debug|x64.Build.0 = Debug|x64
		{CFB7E59A-AB36-4B24-B28E-D34537FC1DAA}.Debug|x64.Deploy.0 = Debug|x64
		{CFB7E59A-AB36-4B24-B28E-D34537FC1DAA}.Debug|x86.ActiveCfg = Debug|Win32
		{CFB7E59A-AB36-4B24-B28E-D34537FC1DAA}.Debug|x86.Build.0 = Debug|Win32
		{CFB7E59A-AB36-4B24-B28E-D34537FC1DAA}.Debug|x86.Deploy.0 = Debug|Win32
		{CFB7E59A-AB36-4B24-B28E-D34537FC1DAA}.Release|ARM.ActiveCfg = Release|ARM
		{CFB7E59A-AB36-4B24-B28E-D34537FC1DAA}.Release|ARM.Build.0 = Release|ARM
		{CFB7E59A-AB36-4B24-B28E-D34537FC1DAA}.Release|ARM.Deploy.0 = Release|ARM
		{CFB7E59A-AB36-4B24-B28E-D34537FC1DAA}.Release|ARM64.ActiveCfg = Release|ARM64
		{CFB7E59A-AB36-4B24-B28E-D34537FC1DAA}.Release|ARM64.Build.0 = Release|ARM64
		{CFB7E59A-AB36-4B24-B28E-D34537FC1DAA}.Release|ARM64.Deploy.0 = Release|ARM64
		{CFB7E59A-AB36-4B24-B28E-D34537FC1DAA}.Release|x64.ActiveCfg = Release|x64
		{CFB7E59A-AB36-4B24-B28E-D34537FC1DAA}.Release|x64.Build.0 = Release|x64
		{CFB7E59A-AB36-4B24-B28E-D34537FC1DAA}.Release|x64.Deploy.0 = Release|x64
		{CFB7E59A-AB36-4B24-B28E-D34537FC1DAA}.Release|x86.ActiveCfg = Release|Win32
		{CFB7E59A-AB36-4B24-B28E-D34537FC1DAA}.Release|x86.Build.0 = Release|Win32
		{CFB7E59A-AB36-4B24-B28E-D34537FC1DAA}.Release|x86.Deploy.0 = Release|Win32
	EndGlobalSection
	GlobalSection(SolutionProperties) = preSolution
		HideSolutionNode = FALSE
	EndGlobalSection
	GlobalSection(ExtensibilityGlobals) = postSolution
		SolutionGuid = {84F3BD85-78E9-4DF3-B726-6E46785E0127}
	EndGlobalSection
EndGlobal
