<?xml version="1.0" encoding="utf-8"?>
<Project ToolsVersion="4.0" xmlns="http://schemas.microsoft.com/developer/msbuild/2003">
  <ItemGroup>
    <Filter Include="源文件">
      <UniqueIdentifier>{4FC737F1-C7A5-4376-A066-2A32D752A2FF}</UniqueIdentifier>
      <Extensions>cpp;c;cc;cxx;c++;cppm;ixx;def;odl;idl;hpj;bat;asm;asmx</Extensions>
    </Filter>
    <Filter Include="头文件">
      <UniqueIdentifier>{93995380-89BD-4b04-88EB-625FBE52EBFB}</UniqueIdentifier>
      <Extensions>h;hh;hpp;hxx;h++;hm;inl;inc;ipp;xsd</Extensions>
    </Filter>
    <Filter Include="资源文件">
      <UniqueIdentifier>{67DA6AB6-F800-4c08-8B7A-83BB121AAD01}</UniqueIdentifier>
      <Extensions>rc;ico;cur;bmp;dlg;rc2;rct;bin;rgs;gif;jpg;jpeg;jpe;resx;tiff;tif;png;wav;mfcribbon-ms</Extensions>
    </Filter>
    <Filter Include="HadesControlPip">
      <UniqueIdentifier>{5fa7c6ca-ee87-412b-9a54-25f3ab596d5c}</UniqueIdentifier>
    </Filter>
    <Filter Include="PluginPip">
      <UniqueIdentifier>{ae41dd91-9373-4a61-b29b-751133b764a8}</UniqueIdentifier>
    </Filter>
    <Filter Include="MinifilterPip">
      <UniqueIdentifier>{b888099b-ce83-4bdf-8be4-25d1b0d3117b}</UniqueIdentifier>
    </Filter>
    <Filter Include="SocketPip">
      <UniqueIdentifier>{53623d37-f186-441c-8aa8-915619cf8b98}</UniqueIdentifier>
    </Filter>
    <Filter Include="KerConsumerMsg">
      <UniqueIdentifier>{c785e7f4-4387-4cd0-aa7b-ecbc3f8f156d}</UniqueIdentifier>
    </Filter>
    <Filter Include="UserConsumerMsg">
      <UniqueIdentifier>{1846fa97-1da4-4e41-ae06-9d7ecf6c0ac6}</UniqueIdentifier>
    </Filter>
    <Filter Include="Common">
      <UniqueIdentifier>{0584de7e-1a26-48f2-8350-a6374486f21d}</UniqueIdentifier>
    </Filter>
    <Filter Include="DataHandler">
      <UniqueIdentifier>{145aa740-0f36-4718-ae86-5e20d88c4617}</UniqueIdentifier>
    </Filter>
    <Filter Include="Protobuf">
      <UniqueIdentifier>{306d0201-bdc6-4c6d-a9f9-6a833d64f234}</UniqueIdentifier>
    </Filter>
  </ItemGroup>
  <ItemGroup>
    <ClCompile Include="main.cpp">
      <Filter>源文件</Filter>
    </ClCompile>
    <ClCompile Include="umsginterface.cpp">
      <Filter>UserConsumerMsg</Filter>
    </ClCompile>
    <ClCompile Include="kmsginterface.cpp">
      <Filter>KerConsumerMsg</Filter>
    </ClCompile>
    <ClCompile Include="msgassist.cpp">
      <Filter>Common</Filter>
    </ClCompile>
    <ClCompile Include="msgloop.cpp">
      <Filter>HadesControlPip</Filter>
    </ClCompile>
    <ClCompile Include="NamedPipe.cpp">
      <Filter>PluginPip</Filter>
    </ClCompile>
    <ClCompile Include="HlprMiniCom.cpp">
      <Filter>MinifilterPip</Filter>
    </ClCompile>
    <ClCompile Include="time_stamp.cpp">
      <Filter>PluginPip</Filter>
    </ClCompile>
    <ClCompile Include="socketMsg.cpp">
      <Filter>SocketPip</Filter>
    </ClCompile>
    <ClCompile Include="DataHandler.cpp">
      <Filter>DataHandler</Filter>
    </ClCompile>
    <ClCompile Include="AnonymousPipe.cpp">
      <Filter>PluginPip</Filter>
    </ClCompile>
    <ClCompile Include="transfer.pb.cc">
      <Filter>Protobuf</Filter>
    </ClCompile>
    <ClCompile Include="pipeManage.cpp">
      <Filter>Common</Filter>
    </ClCompile>
    <ClCompile Include="CodeTool.cpp">
      <Filter>Common</Filter>
    </ClCompile>
    <ClCompile Include="FileDetailReader.cpp">
      <Filter>Common</Filter>
    </ClCompile>
  </ItemGroup>
  <ItemGroup>
    <ClInclude Include="resource.h">
      <Filter>头文件</Filter>
    </ClInclude>
    <ClInclude Include="umsginterface.h">
      <Filter>UserConsumerMsg</Filter>
    </ClInclude>
    <ClInclude Include="kmsginterface.h">
      <Filter>KerConsumerMsg</Filter>
    </ClInclude>
    <ClInclude Include="msgassist.h">
      <Filter>Common</Filter>
    </ClInclude>
    <ClInclude Include="msgloop.h">
      <Filter>HadesControlPip</Filter>
    </ClInclude>
    <ClInclude Include="..\HadesSdk\include\sysinfo.h">
      <Filter>头文件</Filter>
    </ClInclude>
    <ClInclude Include="NamedPipe.h">
      <Filter>PluginPip</Filter>
    </ClInclude>
    <ClInclude Include="HlprMiniCom.h">
      <Filter>MinifilterPip</Filter>
    </ClInclude>
    <ClInclude Include="time_stamp.h">
      <Filter>PluginPip</Filter>
    </ClInclude>
    <ClInclude Include="socketMsg.h">
      <Filter>SocketPip</Filter>
    </ClInclude>
    <ClInclude Include="DataHandler.h">
      <Filter>DataHandler</Filter>
    </ClInclude>
    <ClInclude Include="AnonymousPipe.h">
      <Filter>PluginPip</Filter>
    </ClInclude>
    <ClInclude Include="transfer.pb.h">
      <Filter>Protobuf</Filter>
    </ClInclude>
    <ClInclude Include="pipeManage.h">
      <Filter>Common</Filter>
    </ClInclude>
    <ClInclude Include="CodeTool.h">
      <Filter>Common</Filter>
    </ClInclude>
    <ClInclude Include="FileDetailReader.h">
      <Filter>Common</Filter>
    </ClInclude>
    <ClInclude Include="..\HadesSdk\include\SingletonHandler.h">
      <Filter>头文件</Filter>
    </ClInclude>
    <ClInclude Include="uinterface.h">
      <Filter>UserConsumerMsg</Filter>
    </ClInclude>
    <ClInclude Include="kinterface.h">
      <Filter>KerConsumerMsg</Filter>
    </ClInclude>
  </ItemGroup>
  <ItemGroup>
    <ResourceCompile Include="mcfilter.rc">
      <Filter>资源文件</Filter>
    </ResourceCompile>
  </ItemGroup>
  <ItemGroup>
    <Image Include="firearms.ico">
      <Filter>资源文件</Filter>
    </Image>
  </ItemGroup>
</Project>