<?xml version="1.0" encoding="utf-8"?>
<Project ToolsVersion="4.0" xmlns="http://schemas.microsoft.com/developer/msbuild/2003">
  <ItemGroup>
    <Filter Include="源文件">
      <UniqueIdentifier>{4FC737F1-C7A5-4376-A066-2A32D752A2FF}</UniqueIdentifier>
      <Extensions>cpp;c;cc;cxx;c++;cppm;ixx;def;odl;idl;hpj;bat;asm;asmx</Extensions>
    </Filter>
    <Filter Include="头文件">
      <UniqueIdentifier>{93995380-89BD-4b04-88EB-625FBE52EBFB}</UniqueIdentifier>
      <Extensions>h;hh;hpp;hxx;h++;hm;inl;inc;ipp;xsd</Extensions>
    </Filter>
    <Filter Include="资源文件">
      <UniqueIdentifier>{67DA6AB6-F800-4c08-8B7A-83BB121AAD01}</UniqueIdentifier>
      <Extensions>rc;ico;cur;bmp;dlg;rc2;rct;bin;rgs;gif;jpg;jpeg;jpe;resx;tiff;tif;png;wav;mfcribbon-ms</Extensions>
    </Filter>
    <Filter Include="Wnd">
      <UniqueIdentifier>{6532d1b0-68ad-45a5-8d02-b3242430d51a}</UniqueIdentifier>
    </Filter>
    <Filter Include="Xml">
      <UniqueIdentifier>{a9294569-c908-4100-a407-cf2bc4c324c0}</UniqueIdentifier>
    </Filter>
    <Filter Include="sysinfolib">
      <UniqueIdentifier>{403010a3-79b3-41f0-870a-066aa3dc2ef9}</UniqueIdentifier>
    </Filter>
    <Filter Include="common">
      <UniqueIdentifier>{7ccd883e-c1ee-47f4-ac41-80ccfa9240de}</UniqueIdentifier>
    </Filter>
    <Filter Include="iocpserver">
      <UniqueIdentifier>{19519342-56c2-421a-b9da-19fca02ae311}</UniqueIdentifier>
    </Filter>
  </ItemGroup>
  <ItemGroup>
    <ClInclude Include="framework.h">
      <Filter>头文件</Filter>
    </ClInclude>
    <ClInclude Include="targetver.h">
      <Filter>头文件</Filter>
    </ClInclude>
    <ClInclude Include="Resource.h">
      <Filter>头文件</Filter>
    </ClInclude>
    <ClInclude Include="HadesContrl.h">
      <Filter>头文件</Filter>
    </ClInclude>
    <ClInclude Include="Wnd\MainWindow.h">
      <Filter>Wnd</Filter>
    </ClInclude>
    <ClInclude Include="Wnd\Menu.h">
      <Filter>Wnd</Filter>
    </ClInclude>
    <ClInclude Include="Wnd\AboutUsWindow.h">
      <Filter>Wnd</Filter>
    </ClInclude>
    <ClInclude Include="Systeminfolib.h">
      <Filter>sysinfolib</Filter>
    </ClInclude>
    <ClInclude Include="DriverManager.h">
      <Filter>common</Filter>
    </ClInclude>
    <ClInclude Include="MessageBoxDlg.h">
      <Filter>Wnd</Filter>
    </ClInclude>
    <ClInclude Include="HlprServerPip.h">
      <Filter>common</Filter>
    </ClInclude>
    <ClInclude Include="HlprIocpService.h">
      <Filter>iocpserver</Filter>
    </ClInclude>
  </ItemGroup>
  <ItemGroup>
    <ClCompile Include="HadesContrl.cpp">
      <Filter>源文件</Filter>
    </ClCompile>
    <ClCompile Include="Wnd\MainWindow.cpp">
      <Filter>Wnd</Filter>
    </ClCompile>
    <ClCompile Include="Wnd\Menu.cpp">
      <Filter>Wnd</Filter>
    </ClCompile>
    <ClCompile Include="Wnd\AboutUsWindow.cpp">
      <Filter>Wnd</Filter>
    </ClCompile>
    <ClCompile Include="Systeminfolib.cpp">
      <Filter>sysinfolib</Filter>
    </ClCompile>
    <ClCompile Include="DriverManager.cpp">
      <Filter>common</Filter>
    </ClCompile>
    <ClCompile Include="MessageBoxDlg.cpp">
      <Filter>Wnd</Filter>
    </ClCompile>
    <ClCompile Include="HlprServerPip.cpp">
      <Filter>common</Filter>
    </ClCompile>
    <ClCompile Include="HlprIocpService.cpp">
      <Filter>iocpserver</Filter>
    </ClCompile>
  </ItemGroup>
  <ItemGroup>
    <ResourceCompile Include="HadesContrl.rc">
      <Filter>资源文件</Filter>
    </ResourceCompile>
  </ItemGroup>
  <ItemGroup>
    <Image Include="small.ico">
      <Filter>资源文件</Filter>
    </Image>
    <Image Include="HadesContrl.ico">
      <Filter>资源文件</Filter>
    </Image>
  </ItemGroup>
  <ItemGroup>
    <Xml Include="skin\MainWindow.xml">
      <Filter>Xml</Filter>
    </Xml>
    <Xml Include="skin\Menu.xml">
      <Filter>Xml</Filter>
    </Xml>
    <Xml Include="skin\AboutUsWindow.xml">
      <Filter>Xml</Filter>
    </Xml>
    <Xml Include="skin\MessageBoxDlg.xml">
      <Filter>Xml</Filter>
    </Xml>
  </ItemGroup>
  <ItemGroup>
    <None Include="skin.zip">
      <Filter>资源文件</Filter>
    </None>
  </ItemGroup>
</Project>