<?xml version="1.0" encoding="utf-8"?>
<Project ToolsVersion="4.0" xmlns="http://schemas.microsoft.com/developer/msbuild/2003">
  <ItemGroup>
    <Filter Include="源文件">
      <UniqueIdentifier>{4FC737F1-C7A5-4376-A066-2A32D752A2FF}</UniqueIdentifier>
      <Extensions>cpp;c;cc;cxx;c++;cppm;ixx;def;odl;idl;hpj;bat;asm;asmx</Extensions>
    </Filter>
    <Filter Include="头文件">
      <UniqueIdentifier>{93995380-89BD-4b04-88EB-625FBE52EBFB}</UniqueIdentifier>
      <Extensions>h;hh;hpp;hxx;h++;hm;inl;inc;ipp;xsd</Extensions>
    </Filter>
    <Filter Include="资源文件">
      <UniqueIdentifier>{67DA6AB6-F800-4c08-8B7A-83BB121AAD01}</UniqueIdentifier>
      <Extensions>rc;ico;cur;bmp;dlg;rc2;rct;bin;rgs;gif;jpg;jpeg;jpe;resx;tiff;tif;png;wav;mfcribbon-ms</Extensions>
    </Filter>
    <Filter Include="json">
      <UniqueIdentifier>{f4395451-c10f-4037-ada8-418be5414f46}</UniqueIdentifier>
    </Filter>
  </ItemGroup>
  <ItemGroup>
    <ClCompile Include="mcfilter.cpp">
      <Filter>源文件</Filter>
    </ClCompile>
    <ClCompile Include="..\lib_json\json_reader.cpp">
      <Filter>json</Filter>
    </ClCompile>
    <ClCompile Include="..\lib_json\json_value.cpp">
      <Filter>json</Filter>
    </ClCompile>
    <ClCompile Include="..\lib_json\json_writer.cpp">
      <Filter>json</Filter>
    </ClCompile>
    <ClCompile Include="HlprMiniCom.cpp">
      <Filter>源文件</Filter>
    </ClCompile>
    <ClCompile Include="devctrl.cpp">
      <Filter>源文件</Filter>
    </ClCompile>
    <ClCompile Include="ArkSsdt.cpp">
      <Filter>源文件</Filter>
    </ClCompile>
    <ClCompile Include="ArkIdt.cpp">
      <Filter>源文件</Filter>
    </ClCompile>
    <ClCompile Include="ArkDpcTimer.cpp">
      <Filter>源文件</Filter>
    </ClCompile>
  </ItemGroup>
  <ItemGroup>
    <ClInclude Include="ntbasic.h">
      <Filter>头文件</Filter>
    </ClInclude>
    <ClInclude Include="HlprMiniCom.h">
      <Filter>头文件</Filter>
    </ClInclude>
    <ClInclude Include="devctrl.h">
      <Filter>头文件</Filter>
    </ClInclude>
    <ClInclude Include="nf_api.h">
      <Filter>头文件</Filter>
    </ClInclude>
    <ClInclude Include="nfevents.h">
      <Filter>头文件</Filter>
    </ClInclude>
    <ClInclude Include="sync.h">
      <Filter>头文件</Filter>
    </ClInclude>
    <ClInclude Include="threadpool.h">
      <Filter>头文件</Filter>
    </ClInclude>
    <ClInclude Include="sysinfo.h">
      <Filter>头文件</Filter>
    </ClInclude>
    <ClInclude Include="ArkSsdt.h">
      <Filter>头文件</Filter>
    </ClInclude>
    <ClInclude Include="ArkIdt.h">
      <Filter>头文件</Filter>
    </ClInclude>
    <ClInclude Include="ArkDpcTimer.h">
      <Filter>头文件</Filter>
    </ClInclude>
  </ItemGroup>
</Project>