<?xml version="1.0" encoding="utf-8"?>
<Project ToolsVersion="4.0" xmlns="http://schemas.microsoft.com/developer/msbuild/2003">
  <ItemGroup>
    <ClCompile Include="driver.c" />
    <ClCompile Include="devctrl.c">
      <Filter>Devctrl</Filter>
    </ClCompile>
    <ClCompile Include="process.c">
      <Filter>SysMonitor</Filter>
    </ClCompile>
    <ClCompile Include="register.c">
      <Filter>SysMonitor</Filter>
    </ClCompile>
    <ClCompile Include="thread.c">
      <Filter>SysMonitor</Filter>
    </ClCompile>
    <ClCompile Include="imagemod.c">
      <Filter>SysMonitor</Filter>
    </ClCompile>
    <ClCompile Include="syswmi.c">
      <Filter>SysMonitor</Filter>
    </ClCompile>
    <ClCompile Include="sysfile.c">
      <Filter>SysMonitor</Filter>
    </ClCompile>
    <ClCompile Include="syssession.c">
      <Filter>SysMonitor</Filter>
    </ClCompile>
    <ClCompile Include="sysssdt.c">
      <Filter>SysRootkit</Filter>
    </ClCompile>
    <ClCompile Include="sysidt.c">
      <Filter>SysRootkit</Filter>
    </ClCompile>
    <ClCompile Include="sysdpctimer.c">
      <Filter>SysRootkit</Filter>
    </ClCompile>
    <ClCompile Include="sysenumnotify.c">
      <Filter>SysRootkit</Filter>
    </ClCompile>
    <ClCompile Include="sysprocessinfo.c">
      <Filter>SysRootkit</Filter>
    </ClCompile>
    <ClCompile Include="sysnetwork.c">
      <Filter>SysRootkit</Filter>
    </ClCompile>
    <ClCompile Include="syshive.c">
      <Filter>SysRootkit</Filter>
    </ClCompile>
    <ClCompile Include="sysfsd.c">
      <Filter>SysRootkit</Filter>
    </ClCompile>
    <ClCompile Include="sysmousekeyboard.c">
      <Filter>SysRootkit</Filter>
    </ClCompile>
    <ClCompile Include="sysworkthreadinfo.c">
      <Filter>SysRootkit</Filter>
    </ClCompile>
    <ClCompile Include="sysdriverinfo.c">
      <Filter>SysRootkit</Filter>
    </ClCompile>
    <ClCompile Include="mbr.c">
      <Filter>SysBootkit</Filter>
    </ClCompile>
    <ClCompile Include="bios.c">
      <Filter>SysBootkit</Filter>
    </ClCompile>
    <ClCompile Include="uefi.c">
      <Filter>SysBootkit</Filter>
    </ClCompile>
    <ClCompile Include="kflt.c">
      <Filter>MiniFilter\MiniPort</Filter>
    </ClCompile>
    <ClCompile Include="ksuse.c">
      <Filter>Socket</Filter>
    </ClCompile>
    <ClCompile Include="kwsk.c">
      <Filter>Socket</Filter>
    </ClCompile>
    <ClCompile Include="minifilter.c">
      <Filter>MiniFilter</Filter>
    </ClCompile>
    <ClCompile Include="rDirectory.c">
      <Filter>RuleEngine</Filter>
    </ClCompile>
    <ClCompile Include="rRegister.c">
      <Filter>RuleEngine</Filter>
    </ClCompile>
    <ClCompile Include="rProcess.c">
      <Filter>RuleEngine</Filter>
    </ClCompile>
    <ClCompile Include="rThread.c">
      <Filter>RuleEngine</Filter>
    </ClCompile>
  </ItemGroup>
  <ItemGroup>
    <ClInclude Include="devctrl.h">
      <Filter>Devctrl</Filter>
    </ClInclude>
    <ClInclude Include="process.h">
      <Filter>SysMonitor</Filter>
    </ClInclude>
    <ClInclude Include="register.h">
      <Filter>SysMonitor</Filter>
    </ClInclude>
    <ClInclude Include="thread.h">
      <Filter>SysMonitor</Filter>
    </ClInclude>
    <ClInclude Include="imagemod.h">
      <Filter>SysMonitor</Filter>
    </ClInclude>
    <ClInclude Include="syswmi.h">
      <Filter>SysMonitor</Filter>
    </ClInclude>
    <ClInclude Include="sysfile.h">
      <Filter>SysMonitor</Filter>
    </ClInclude>
    <ClInclude Include="syssession.h">
      <Filter>SysMonitor</Filter>
    </ClInclude>
    <ClInclude Include="sysssdt.h">
      <Filter>SysRootkit</Filter>
    </ClInclude>
    <ClInclude Include="sysidt.h">
      <Filter>SysRootkit</Filter>
    </ClInclude>
    <ClInclude Include="sysdpctimer.h">
      <Filter>SysRootkit</Filter>
    </ClInclude>
    <ClInclude Include="sysenumnotify.h">
      <Filter>SysRootkit</Filter>
    </ClInclude>
    <ClInclude Include="sysprocessinfo.h">
      <Filter>SysRootkit</Filter>
    </ClInclude>
    <ClInclude Include="sysnetwork.h">
      <Filter>SysRootkit</Filter>
    </ClInclude>
    <ClInclude Include="syshive.h">
      <Filter>SysRootkit</Filter>
    </ClInclude>
    <ClInclude Include="sysfsd.h">
      <Filter>SysRootkit</Filter>
    </ClInclude>
    <ClInclude Include="sysmousekeyboard.h">
      <Filter>SysRootkit</Filter>
    </ClInclude>
    <ClInclude Include="sysworkthreadinfo.h">
      <Filter>SysRootkit</Filter>
    </ClInclude>
    <ClInclude Include="sysdriverinfo.h">
      <Filter>SysRootkit</Filter>
    </ClInclude>
    <ClInclude Include="mbr.h">
      <Filter>SysBootkit</Filter>
    </ClInclude>
    <ClInclude Include="bios.h">
      <Filter>SysBootkit</Filter>
    </ClInclude>
    <ClInclude Include="uefi.h">
      <Filter>SysBootkit</Filter>
    </ClInclude>
    <ClInclude Include="kflt.h">
      <Filter>MiniFilter\MiniPort</Filter>
    </ClInclude>
    <ClInclude Include="ksuse.h">
      <Filter>Socket</Filter>
    </ClInclude>
    <ClInclude Include="kwsk.h">
      <Filter>Socket</Filter>
    </ClInclude>
    <ClInclude Include="minifilter.h">
      <Filter>MiniFilter</Filter>
    </ClInclude>
    <ClInclude Include="rDirectory.h">
      <Filter>RuleEngine</Filter>
    </ClInclude>
    <ClInclude Include="rRegister.h">
      <Filter>RuleEngine</Filter>
    </ClInclude>
    <ClInclude Include="rProcess.h">
      <Filter>RuleEngine</Filter>
    </ClInclude>
    <ClInclude Include="rThread.h">
      <Filter>RuleEngine</Filter>
    </ClInclude>
    <ClInclude Include="ntdefines.h">
      <Filter>HeaderFiles</Filter>
    </ClInclude>
    <ClInclude Include="driver.h">
      <Filter>HeaderFiles</Filter>
    </ClInclude>
    <ClInclude Include="object.h">
      <Filter>HeaderFiles</Filter>
    </ClInclude>
    <ClInclude Include="public.h">
      <Filter>HeaderFiles</Filter>
    </ClInclude>
    <ClInclude Include="utiltools.h">
      <Filter>HeaderFiles</Filter>
    </ClInclude>
  </ItemGroup>
  <ItemGroup>
    <Filter Include="Devctrl">
      <UniqueIdentifier>{0c440d3a-f981-4eb0-91cc-80ac436bb1b4}</UniqueIdentifier>
    </Filter>
    <Filter Include="MiniFilter">
      <UniqueIdentifier>{0d98a94e-6ced-42e1-ac43-0c4eeceb3907}</UniqueIdentifier>
    </Filter>
    <Filter Include="HeaderFiles">
      <UniqueIdentifier>{3109e4f3-eb70-44f5-84aa-0a6afda83fa7}</UniqueIdentifier>
    </Filter>
    <Filter Include="RuleEngine">
      <UniqueIdentifier>{33e75b82-2479-4a2f-9425-a6a35b6536c4}</UniqueIdentifier>
    </Filter>
    <Filter Include="Socket">
      <UniqueIdentifier>{87db5376-2220-4461-8912-dc63d6cee44c}</UniqueIdentifier>
    </Filter>
    <Filter Include="ResourceFiles">
      <UniqueIdentifier>{2a5f7f40-941c-4689-9027-ca1d486a4b48}</UniqueIdentifier>
    </Filter>
    <Filter Include="SysBootkit">
      <UniqueIdentifier>{a48c34c2-2a98-439e-8b49-d6187ef425f9}</UniqueIdentifier>
    </Filter>
    <Filter Include="SysRootkit">
      <UniqueIdentifier>{6c91ef1a-0cdf-4da6-9a06-9031b2fa1495}</UniqueIdentifier>
    </Filter>
    <Filter Include="SysMonitor">
      <UniqueIdentifier>{c930406d-5d8f-4048-b248-e35aa76238e7}</UniqueIdentifier>
    </Filter>
    <Filter Include="MiniFilter\MiniPort">
      <UniqueIdentifier>{f7228cee-c937-45a2-b4d4-792de18af0d9}</UniqueIdentifier>
    </Filter>
  </ItemGroup>
  <ItemGroup>
    <Inf Include="sysmondriver.inf">
      <Filter>ResourceFiles</Filter>
    </Inf>
  </ItemGroup>
</Project>